
Microsoft Visual Studio Solution File, Format Version 12.00
# Visual Studio Version 17
VisualStudioVersion = 17.6.33815.320
MinimumVisualStudioVersion = 10.0.40219.1
Project("{FAE04EC0-301F-11D3-BF4B-00C04F79EFBC}") = "NZWalksAPI", "NZWalksAPI\NZWalksAPI.csproj", "{914119A2-97F1-4770-BD1D-EA0C18FE2029}"
EndProject
Global
	GlobalSection(SolutionConfigurationPlatforms) = preSolution
		Debug|Any CPU = Debug|Any CPU
		Release|Any CPU = Release|Any CPU
	EndGlobalSection
	GlobalSection(ProjectConfigurationPlatforms) = postSolution
		{914119A2-97F1-4770-BD1D-EA0C18FE2029}.Debug|Any CPU.ActiveCfg = Debug|Any CPU
		{914119A2-97F1-4770-BD1D-EA0C18FE2029}.Debug|Any CPU.Build.0 = Debug|Any CPU
		{914119A2-97F1-4770-BD1D-EA0C18FE2029}.Release|Any CPU.ActiveCfg = Release|Any CPU
		{914119A2-97F1-4770-BD1D-EA0C18FE2029}.Release|Any CPU.Build.0 = Release|Any CPU
	EndGlobalSection
	GlobalSection(SolutionProperties) = preSolution
		HideSolutionNode = FALSE
	EndGlobalSection
	GlobalSection(ExtensibilityGlobals) = postSolution
		SolutionGuid = {2E0CC0E0-8932-41C3-BF58-455B887A5948}
	EndGlobalSection
EndGlobal
